Microsoft Visual Studio Solution File, Format Version 12.00
# Visual Studio 15
VisualStudioVersion = 15.0.27004.2010
MinimumVisualStudioVersion = 15.0.26124.0
Project("{9A19103F-16F7-4668-BE54-9A1E7A4F7556}") = "Master", "Master\Master.csproj", "{1B5B4241-0AA9-49E7-88ED-F95D05B13F65}"
EndProject
Project("{9A19103F-16F7-4668-BE54-9A1E7A4F7556}") = "Slave", "Slave\Slave.csproj", "{671BCA11-6193-4CA0-810C-805E2D1942C6}"
EndProject
Global
	GlobalSection(SolutionConfigurationPlatforms) = preSolution
		Debug|Any CPU = Debug|Any CPU
		Debug|x64 = Debug|x64
		Debug|x86 = Debug|x86
		Release|Any CPU = Release|Any CPU
		Release|x64 = Release|x64
		Release|x86 = Release|x86
	EndGlobalSection
	GlobalSection(ProjectConfigurationPlatforms) = postSolution
		{1B5B4241-0AA9-49E7-88ED-F95D05B13F65}.Debug|Any CPU.ActiveCfg = Debug|Any CPU
		{1B5B4241-0AA9-49E7-88ED-F95D05B13F65}.Debug|Any CPU.Build.0 = Debug|Any CPU
		{1B5B4241-0AA9-49E7-88ED-F95D05B13F65}.Debug|x64.ActiveCfg = Debug|Any CPU
		{1B5B4241-0AA9-49E7-88ED-F95D05B13F65}.Debug|x64.Build.0 = Debug|Any CPU
		{1B5B4241-0AA9-49E7-88ED-F95D05B13F65}.Debug|x86.ActiveCfg = Debug|Any CPU
		{1B5B4241-0AA9-49E7-88ED-F95D05B13F65}.Debug|x86.Build.0 = Debug|Any CPU
		{1B5B4241-0AA9-49E7-88ED-F95D05B13F65}.Release|Any CPU.ActiveCfg = Release|Any CPU
		{1B5B4241-0AA9-49E7-88ED-F95D05B13F65}.Release|Any CPU.Build.0 = Release|Any CPU
		{1B5B4241-0AA9-49E7-88ED-F95D05B13F65}.Release|x64.ActiveCfg = Release|Any CPU
		{1B5B4241-0AA9-49E7-88ED-F95D05B13F65}.Release|x64.Build.0 = Release|Any CPU
		{1B5B4241-0AA9-49E7-88ED-F95D05B13F65}.Release|x86.ActiveCfg = Release|Any CPU
		{1B5B4241-0AA9-49E7-88ED-F95D05B13F65}.Release|x86.Build.0 = Release|Any CPU
		{671BCA11-6193-4CA0-810C-805E2D1942C6}.Debug|Any CPU.ActiveCfg = Debug|Any CPU
		{671BCA11-6193-4CA0-810C-805E2D1942C6}.Debug|Any CPU.Build.0 = Debug|Any CPU
		{671BCA11-6193-4CA0-810C-805E2D1942C6}.Debug|x64.ActiveCfg = Debug|Any CPU
		{671BCA11-6193-4CA0-810C-805E2D1942C6}.Debug|x64.Build.0 = Debug|Any CPU
		{671BCA11-6193-4CA0-810C-805E2D1942C6}.Debug|x86.ActiveCfg = Debug|Any CPU
		{671BCA11-6193-4CA0-810C-805E2D1942C6}.Debug|x86.Build.0 = Debug|Any CPU
		{671BCA11-6193-4CA0-810C-805E2D1942C6}.Release|Any CPU.ActiveCfg = Release|Any CPU
		{671BCA11-6193-4CA0-810C-805E2D1942C6}.Release|Any CPU.Build.0 = Release|Any CPU
		{671BCA11-6193-4CA0-810C-805E2D1942C6}.Release|x64.ActiveCfg = Release|Any CPU
		{671BCA11-6193-4CA0-810C-805E2D1942C6}.Release|x64.Build.0 = Release|Any CPU
		{671BCA11-6193-4CA0-810C-805E2D1942C6}.Release|x86.ActiveCfg = Release|Any CPU
		{671BCA11-6193-4CA0-810C-805E2D1942C6}.Release|x86.Build.0 = Release|Any CPU
	EndGlobalSection
	GlobalSection(SolutionProperties) = preSolution
		HideSolutionNode = FALSE
	EndGlobalSection
	GlobalSection(ExtensibilityGlobals) = postSolution
		SolutionGuid = {823E0CFF-F956-47FA-AFB7-7EF77F6455E6}
	EndGlobalSection
EndGlobal
